
Microsoft Visual Studio Solution File, Format Version 12.00
# Visual Studio 15
VisualStudioVersion = 15.0.28307.757
MinimumVisualStudioVersion = 10.0.40219.1
Project("{FAE04EC0-301F-11D3-BF4B-00C04F79EFBC}") = "HMS_MVC", "HMS_MVC\HMS_MVC.csproj", "{68A67282-BE83-4F69-96C7-894F8532B0A2}"
EndProject
Project("{FAE04EC0-301F-11D3-BF4B-00C04F79EFBC}") = "HMS_WebAPI", "HMS_WebAPI\HMS_WebAPI.csproj", "{AC5A12FF-B897-496D-A440-DA3833CB543C}"
EndProject
Project("{FAE04EC0-301F-11D3-BF4B-00C04F79EFBC}") = "DataAccess", "DataAccess\DataAccess.csproj", "{EDCBCFAA-1EB5-4C95-B781-8FF76B7CE107}"
EndProject
Global
	GlobalSection(SolutionConfigurationPlatforms) = preSolution
		Debug|Any CPU = Debug|Any CPU
		Release|Any CPU = Release|Any CPU
	EndGlobalSection
	GlobalSection(ProjectConfigurationPlatforms) = postSolution
		{68A67282-BE83-4F69-96C7-894F8532B0A2}.Debug|Any CPU.ActiveCfg = Debug|Any CPU
		{68A67282-BE83-4F69-96C7-894F8532B0A2}.Debug|Any CPU.Build.0 = Debug|Any CPU
		{68A67282-BE83-4F69-96C7-894F8532B0A2}.Release|Any CPU.ActiveCfg = Release|Any CPU
		{68A67282-BE83-4F69-96C7-894F8532B0A2}.Release|Any CPU.Build.0 = Release|Any CPU
		{AC5A12FF-B897-496D-A440-DA3833CB543C}.Debug|Any CPU.ActiveCfg = Debug|Any CPU
		{AC5A12FF-B897-496D-A440-DA3833CB543C}.Debug|Any CPU.Build.0 = Debug|Any CPU
		{AC5A12FF-B897-496D-A440-DA3833CB543C}.Release|Any CPU.ActiveCfg = Release|Any CPU
		{AC5A12FF-B897-496D-A440-DA3833CB543C}.Release|Any CPU.Build.0 = Release|Any CPU
		{EDCBCFAA-1EB5-4C95-B781-8FF76B7CE107}.Debug|Any CPU.ActiveCfg = Debug|Any CPU
		{EDCBCFAA-1EB5-4C95-B781-8FF76B7CE107}.Debug|Any CPU.Build.0 = Debug|Any CPU
		{EDCBCFAA-1EB5-4C95-B781-8FF76B7CE107}.Release|Any CPU.ActiveCfg = Release|Any CPU
		{EDCBCFAA-1EB5-4C95-B781-8FF76B7CE107}.Release|Any CPU.Build.0 = Release|Any CPU
	EndGlobalSection
	GlobalSection(SolutionProperties) = preSolution
		HideSolutionNode = FALSE
	EndGlobalSection
	GlobalSection(ExtensibilityGlobals) = postSolution
		SolutionGuid = {84BF9800-03B5-468F-A876-2422E621EA35}
	EndGlobalSection
EndGlobal
